// !$*UTF8*$!
{
	archiveVersion = 1;
	classes = {
	};
	objectVersion = 56;
	objects = {

/* Begin PBXBuildFile section */
		F11E3C7D29CDD6AA003BE1EE /* JagTrucksApp.swift in Sources */ = {isa = PBXBuildFile; fileRef = F11E3C7C29CDD6AA003BE1EE /* JagTrucksApp.swift */; };
		F11E3C7F29CDD6AA003BE1EE /* ContentView.swift in Sources */ = {isa = PBXBuildFile; fileRef = F11E3C7E29CDD6AA003BE1EE /* ContentView.swift */; };
		F11E3C8129CDD6AB003BE1EE /* Assets.xcassets in Resources */ = {isa = PBXBuildFile; fileRef = F11E3C8029CDD6AB003BE1EE /* Assets.xcassets */; };
		F11E3C8429CDD6AB003BE1EE /* Preview Assets.xcassets in Resources */ = {isa = PBXBuildFile; fileRef = F11E3C8329CDD6AB003BE1EE /* Preview Assets.xcassets */; };
		F144157629DF4CDF0003E5F3 /* TruckStateModel.swift in Sources */ = {isa = PBXBuildFile; fileRef = F144157529DF4CDF0003E5F3 /* TruckStateModel.swift */; };
		F144157829DF52470003E5F3 /* ScheduleModel.swift in Sources */ = {isa = PBXBuildFile; fileRef = F144157729DF52470003E5F3 /* ScheduleModel.swift */; };
		F144157A29DF58C50003E5F3 /* Schedules.swift in Sources */ = {isa = PBXBuildFile; fileRef = F144157929DF58C50003E5F3 /* Schedules.swift */; };
		F144157C29DF5A150003E5F3 /* ScheduleStateModel.swift in Sources */ = {isa = PBXBuildFile; fileRef = F144157B29DF5A150003E5F3 /* ScheduleStateModel.swift */; };
		F15DE0C229DF29E20075E967 /* TruckModel.swift in Sources */ = {isa = PBXBuildFile; fileRef = F15DE0C129DF29E20075E967 /* TruckModel.swift */; };
		F15DE0C429DF31030075E967 /* FoodTrucks.swift in Sources */ = {isa = PBXBuildFile; fileRef = F15DE0C329DF31030075E967 /* FoodTrucks.swift */; };
		F15DE0C729DF327F0075E967 /* FirebaseInit.swift in Sources */ = {isa = PBXBuildFile; fileRef = F15DE0C629DF327F0075E967 /* FirebaseInit.swift */; };
		F1EA147829D35F5700291765 /* GoogleService-Info.plist in Resources */ = {isa = PBXBuildFile; fileRef = F1EA147729D35F5700291765 /* GoogleService-Info.plist */; };
		F1EA147B29D3605100291765 /* FirebaseAnalytics in Frameworks */ = {isa = PBXBuildFile; productRef = F1EA147A29D3605100291765 /* FirebaseAnalytics */; };
		F1EA147D29D3605100291765 /* FirebaseAuth in Frameworks */ = {isa = PBXBuildFile; productRef = F1EA147C29D3605100291765 /* FirebaseAuth */; };
		F1EA147F29D3605100291765 /* FirebaseFirestore in Frameworks */ = {isa = PBXBuildFile; productRef = F1EA147E29D3605100291765 /* FirebaseFirestore */; };
		F1EA148129D3605100291765 /* FirebaseFirestoreSwift in Frameworks */ = {isa = PBXBuildFile; productRef = F1EA148029D3605100291765 /* FirebaseFirestoreSwift */; };
		F1EA148329D3605100291765 /* FirebaseFunctions in Frameworks */ = {isa = PBXBuildFile; productRef = F1EA148229D3605100291765 /* FirebaseFunctions */; };
		F1EA148529D3605100291765 /* FirebaseStorage in Frameworks */ = {isa = PBXBuildFile; productRef = F1EA148429D3605100291765 /* FirebaseStorage */; };
		F1EA148929D364E300291765 /* Authentication.swift in Sources */ = {isa = PBXBuildFile; fileRef = F1EA148829D364E300291765 /* Authentication.swift */; };
		F1EA148C29D3731C00291765 /* SignInPageView.swift in Sources */ = {isa = PBXBuildFile; fileRef = F1EA148B29D3731C00291765 /* SignInPageView.swift */; };
		F1EA148F29D3745500291765 /* FASwiftUI in Frameworks */ = {isa = PBXBuildFile; productRef = F1EA148E29D3745500291765 /* FASwiftUI */; };
		F1EA149129D3747A00291765 /* icons.json in Resources */ = {isa = PBXBuildFile; fileRef = F1EA149029D3747A00291765 /* icons.json */; };
		F1EA149929D374D900291765 /* Font Awesome 6 Brands-Regular-400.otf in Resources */ = {isa = PBXBuildFile; fileRef = F1EA149729D3749800291765 /* Font Awesome 6 Brands-Regular-400.otf */; };
		F1EA149A29D374DF00291765 /* Font Awesome 6 Free-Regular-400.otf in Resources */ = {isa = PBXBuildFile; fileRef = F1EA149629D3749800291765 /* Font Awesome 6 Free-Regular-400.otf */; };
		F1EA149B29D374E300291765 /* Font Awesome 6 Free-Solid-900.otf in Resources */ = {isa = PBXBuildFile; fileRef = F1EA149529D3749800291765 /* Font Awesome 6 Free-Solid-900.otf */; };
/* End PBXBuildFile section */

/* Begin PBXFileReference section */
		F11E3C7929CDD6AA003BE1EE /* JagTrucks.app */ = {isa = PBXFileReference; explicitFileType = wrapper.application; includeInIndex = 0; path = JagTrucks.app; sourceTree = BUILT_PRODUCTS_DIR; };
		F11E3C7C29CDD6AA003BE1EE /* JagTrucksApp.swift */ = {isa = PBXFileReference; lastKnownFileType = sourcecode.swift; path = JagTrucksApp.swift; sourceTree = "<group>"; };
		F11E3C7E29CDD6AA003BE1EE /* ContentView.swift */ = {isa = PBXFileReference; lastKnownFileType = sourcecode.swift; path = ContentView.swift; sourceTree = "<group>"; };
		F11E3C8029CDD6AB003BE1EE /* Assets.xcassets */ = {isa = PBXFileReference; lastKnownFileType = folder.assetcatalog; path = Assets.xcassets; sourceTree = "<group>"; };
		F11E3C8329CDD6AB003BE1EE /* Preview Assets.xcassets */ = {isa = PBXFileReference; lastKnownFileType = folder.assetcatalog; path = "Preview Assets.xcassets"; sourceTree = "<group>"; };
		F144157529DF4CDF0003E5F3 /* TruckStateModel.swift */ = {isa = PBXFileReference; lastKnownFileType = sourcecode.swift; path = TruckStateModel.swift; sourceTree = "<group>"; };
		F144157729DF52470003E5F3 /* ScheduleModel.swift */ = {isa = PBXFileReference; lastKnownFileType = sourcecode.swift; path = ScheduleModel.swift; sourceTree = "<group>"; };
		F144157929DF58C50003E5F3 /* Schedules.swift */ = {isa = PBXFileReference; lastKnownFileType = sourcecode.swift; path = Schedules.swift; sourceTree = "<group>"; };
		F144157B29DF5A150003E5F3 /* ScheduleStateModel.swift */ = {isa = PBXFileReference; lastKnownFileType = sourcecode.swift; path = ScheduleStateModel.swift; sourceTree = "<group>"; };
		F15DE0C129DF29E20075E967 /* TruckModel.swift */ = {isa = PBXFileReference; lastKnownFileType = sourcecode.swift; path = TruckModel.swift; sourceTree = "<group>"; };
		F15DE0C329DF31030075E967 /* FoodTrucks.swift */ = {isa = PBXFileReference; lastKnownFileType = sourcecode.swift; path = FoodTrucks.swift; sourceTree = "<group>"; };
		F15DE0C629DF327F0075E967 /* FirebaseInit.swift */ = {isa = PBXFileReference; lastKnownFileType = sourcecode.swift; path = FirebaseInit.swift; sourceTree = "<group>"; };
		F1EA147729D35F5700291765 /* GoogleService-Info.plist */ = {isa = PBXFileReference; lastKnownFileType = text.plist; path = "GoogleService-Info.plist"; sourceTree = SOURCE_ROOT; };
		F1EA148629D3645A00291765 /* Info.plist */ = {isa = PBXFileReference; lastKnownFileType = text.plist; path = Info.plist; sourceTree = "<group>"; };
		F1EA148829D364E300291765 /* Authentication.swift */ = {isa = PBXFileReference; lastKnownFileType = sourcecode.swift; path = Authentication.swift; sourceTree = "<group>"; };
		F1EA148B29D3731C00291765 /* SignInPageView.swift */ = {isa = PBXFileReference; lastKnownFileType = sourcecode.swift; path = SignInPageView.swift; sourceTree = "<group>"; };
		F1EA149029D3747A00291765 /* icons.json */ = {isa = PBXFileReference; fileEncoding = 4; lastKnownFileType = text.json; name = icons.json; path = "../../../../../../Downloads/fontawesome-free-6.4.0-desktop/metadata/icons.json"; sourceTree = "<group>"; };
		F1EA149529D3749800291765 /* Font Awesome 6 Free-Solid-900.otf */ = {isa = PBXFileReference; lastKnownFileType = file; path = "Font Awesome 6 Free-Solid-900.otf"; sourceTree = "<group>"; };
		F1EA149629D3749800291765 /* Font Awesome 6 Free-Regular-400.otf */ = {isa = PBXFileReference; lastKnownFileType = file; path = "Font Awesome 6 Free-Regular-400.otf"; sourceTree = "<group>"; };
		F1EA149729D3749800291765 /* Font Awesome 6 Brands-Regular-400.otf */ = {isa = PBXFileReference; lastKnownFileType = file; path = "Font Awesome 6 Brands-Regular-400.otf"; sourceTree = "<group>"; };
/* End PBXFileReference section */

/* Begin PBXFrameworksBuildPhase section */
		F11E3C7629CDD6AA003BE1EE /* Frameworks */ = {
			isa = PBXFrameworksBuildPhase;
			buildActionMask = 2147483647;
			files = (
				F1EA147B29D3605100291765 /* FirebaseAnalytics in Frameworks */,
				F1EA147D29D3605100291765 /* FirebaseAuth in Frameworks */,
				F1EA148329D3605100291765 /* FirebaseFunctions in Frameworks */,
				F1EA147F29D3605100291765 /* FirebaseFirestore in Frameworks */,
				F1EA148F29D3745500291765 /* FASwiftUI in Frameworks */,
				F1EA148129D3605100291765 /* FirebaseFirestoreSwift in Frameworks */,
				F1EA148529D3605100291765 /* FirebaseStorage in Frameworks */,
			);
			runOnlyForDeploymentPostprocessing = 0;
		};
/* End PBXFrameworksBuildPhase section */

/* Begin PBXGroup section */
		F11E3C7029CDD6AA003BE1EE = {
			isa = PBXGroup;
			children = (
				F11E3C7B29CDD6AA003BE1EE /* JagTrucks */,
				F11E3C7A29CDD6AA003BE1EE /* Products */,
			);
			sourceTree = "<group>";
		};
		F11E3C7A29CDD6AA003BE1EE /* Products */ = {
			isa = PBXGroup;
			children = (
				F11E3C7929CDD6AA003BE1EE /* JagTrucks.app */,
			);
			name = Products;
			sourceTree = "<group>";
		};
		F11E3C7B29CDD6AA003BE1EE /* JagTrucks */ = {
			isa = PBXGroup;
			children = (
				F144157429DF4CC00003E5F3 /* models */,
				F1EA149029D3747A00291765 /* icons.json */,
				F1EA148A29D3729E00291765 /* views */,
				F1EA148729D364C100291765 /* firebase */,
				F1EA148629D3645A00291765 /* Info.plist */,
				F11E3C7C29CDD6AA003BE1EE /* JagTrucksApp.swift */,
				F11E3C8029CDD6AB003BE1EE /* Assets.xcassets */,
				F1EA149729D3749800291765 /* Font Awesome 6 Brands-Regular-400.otf */,
				F1EA149629D3749800291765 /* Font Awesome 6 Free-Regular-400.otf */,
				F1EA149529D3749800291765 /* Font Awesome 6 Free-Solid-900.otf */,
				F1EA147729D35F5700291765 /* GoogleService-Info.plist */,
				F11E3C8229CDD6AB003BE1EE /* Preview Content */,
			);
			path = JagTrucks;
			sourceTree = "<group>";
		};
		F11E3C8229CDD6AB003BE1EE /* Preview Content */ = {
			isa = PBXGroup;
			children = (
				F11E3C8329CDD6AB003BE1EE /* Preview Assets.xcassets */,
			);
			path = "Preview Content";
			sourceTree = "<group>";
		};
		F144157429DF4CC00003E5F3 /* models */ = {
			isa = PBXGroup;
			children = (
				F144157529DF4CDF0003E5F3 /* TruckStateModel.swift */,
				F144157B29DF5A150003E5F3 /* ScheduleStateModel.swift */,
			);
			path = models;
			sourceTree = "<group>";
		};
		F15DE0C029DF29C80075E967 /* firebase-models */ = {
			isa = PBXGroup;
			children = (
				F15DE0C129DF29E20075E967 /* TruckModel.swift */,
				F144157729DF52470003E5F3 /* ScheduleModel.swift */,
			);
			path = "firebase-models";
			sourceTree = "<group>";
		};
		F1EA148729D364C100291765 /* firebase */ = {
			isa = PBXGroup;
			children = (
				F15DE0C029DF29C80075E967 /* firebase-models */,
				F1EA148829D364E300291765 /* Authentication.swift */,
				F15DE0C329DF31030075E967 /* FoodTrucks.swift */,
				F15DE0C629DF327F0075E967 /* FirebaseInit.swift */,
				F144157929DF58C50003E5F3 /* Schedules.swift */,
			);
			path = firebase;
			sourceTree = "<group>";
		};
		F1EA148A29D3729E00291765 /* views */ = {
			isa = PBXGroup;
			children = (
				F11E3C7E29CDD6AA003BE1EE /* ContentView.swift */,
				F1EA148B29D3731C00291765 /* SignInPageView.swift */,
			);
			path = views;
			sourceTree = "<group>";
		};
/* End PBXGroup section */

/* Begin PBXNativeTarget section */
		F11E3C7829CDD6AA003BE1EE /* JagTrucks */ = {
			isa = PBXNativeTarget;
			buildConfigurationList = F11E3C8729CDD6AB003BE1EE /* Build configuration list for PBXNativeTarget "JagTrucks" */;
			buildPhases = (
				F11E3C7529CDD6AA003BE1EE /* Sources */,
				F11E3C7629CDD6AA003BE1EE /* Frameworks */,
				F11E3C7729CDD6AA003BE1EE /* Resources */,
			);
			buildRules = (
			);
			dependencies = (
			);
			name = JagTrucks;
			packageProductDependencies = (
				F1EA147A29D3605100291765 /* FirebaseAnalytics */,
				F1EA147C29D3605100291765 /* FirebaseAuth */,
				F1EA147E29D3605100291765 /* FirebaseFirestore */,
				F1EA148029D3605100291765 /* FirebaseFirestoreSwift */,
				F1EA148229D3605100291765 /* FirebaseFunctions */,
				F1EA148429D3605100291765 /* FirebaseStorage */,
				F1EA148E29D3745500291765 /* FASwiftUI */,
			);
			productName = JagTrucks;
			productReference = F11E3C7929CDD6AA003BE1EE /* JagTrucks.app */;
			productType = "com.apple.product-type.application";
		};
/* End PBXNativeTarget section */

/* Begin PBXProject section */
		F11E3C7129CDD6AA003BE1EE /* Project object */ = {
			isa = PBXProject;
			attributes = {
				BuildIndependentTargetsInParallel = 1;
				LastSwiftUpdateCheck = 1420;
				LastUpgradeCheck = 1420;
				TargetAttributes = {
					F11E3C7829CDD6AA003BE1EE = {
						CreatedOnToolsVersion = 14.2;
					};
				};
			};
			buildConfigurationList = F11E3C7429CDD6AA003BE1EE /* Build configuration list for PBXProject "JagTrucks" */;
			compatibilityVersion = "Xcode 14.0";
			developmentRegion = en;
			hasScannedForEncodings = 0;
			knownRegions = (
				en,
				Base,
			);
			mainGroup = F11E3C7029CDD6AA003BE1EE;
			packageReferences = (
				F1EA147929D3605100291765 /* XCRemoteSwiftPackageReference "firebase-ios-sdk" */,
				F1EA148D29D3745500291765 /* XCRemoteSwiftPackageReference "FASwiftUI" */,
			);
			productRefGroup = F11E3C7A29CDD6AA003BE1EE /* Products */;
			projectDirPath = "";
			projectRoot = "";
			targets = (
				F11E3C7829CDD6AA003BE1EE /* JagTrucks */,
			);
		};
/* End PBXProject section */

/* Begin PBXResourcesBuildPhase section */
		F11E3C7729CDD6AA003BE1EE /* Resources */ = {
			isa = PBXResourcesBuildPhase;
			buildActionMask = 2147483647;
			files = (
				F1EA149A29D374DF00291765 /* Font Awesome 6 Free-Regular-400.otf in Resources */,
				F1EA149929D374D900291765 /* Font Awesome 6 Brands-Regular-400.otf in Resources */,
				F11E3C8429CDD6AB003BE1EE /* Preview Assets.xcassets in Resources */,
				F1EA149B29D374E300291765 /* Font Awesome 6 Free-Solid-900.otf in Resources */,
				F11E3C8129CDD6AB003BE1EE /* Assets.xcassets in Resources */,
				F1EA149129D3747A00291765 /* icons.json in Resources */,
				F1EA147829D35F5700291765 /* GoogleService-Info.plist in Resources */,
			);
			runOnlyForDeploymentPostprocessing = 0;
		};
/* End PBXResourcesBuildPhase section */

/* Begin PBXSourcesBuildPhase section */
		F11E3C7529CDD6AA003BE1EE /* Sources */ = {
			isa = PBXSourcesBuildPhase;
			buildActionMask = 2147483647;
			files = (
				F11E3C7F29CDD6AA003BE1EE /* ContentView.swift in Sources */,
				F11E3C7D29CDD6AA003BE1EE /* JagTrucksApp.swift in Sources */,
				F144157C29DF5A150003E5F3 /* ScheduleStateModel.swift in Sources */,
				F1EA148929D364E300291765 /* Authentication.swift in Sources */,
				F144157829DF52470003E5F3 /* ScheduleModel.swift in Sources */,
				F144157A29DF58C50003E5F3 /* Schedules.swift in Sources */,
				F144157629DF4CDF0003E5F3 /* TruckStateModel.swift in Sources */,
				F1EA148C29D3731C00291765 /* SignInPageView.swift in Sources */,
				F15DE0C729DF327F0075E967 /* FirebaseInit.swift in Sources */,
				F15DE0C229DF29E20075E967 /* TruckModel.swift in Sources */,
				F15DE0C429DF31030075E967 /* FoodTrucks.swift in Sources */,
			);
			runOnlyForDeploymentPostprocessing = 0;
		};
/* End PBXSourcesBuildPhase section */

/* Begin XCBuildConfiguration section */
		F11E3C8529CDD6AB003BE1EE /* Debug */ = {
			isa = XCBuildConfiguration;
			buildSettings = {
				ALWAYS_SEARCH_USER_PATHS = NO;
				CLANG_ANALYZER_NONNULL = YES;
				CLANG_ANALYZER_NUMBER_OBJECT_CONVERSION = YES_AGGRESSIVE;
				CLANG_CXX_LANGUAGE_STANDARD = "gnu++20";
				CLANG_ENABLE_MODULES = YES;
				CLANG_ENABLE_OBJC_ARC = YES;
				CLANG_ENABLE_OBJC_WEAK = YES;
				CLANG_WARN_BLOCK_CAPTURE_AUTORELEASING = YES;
				CLANG_WARN_BOOL_CONVERSION = YES;
				CLANG_WARN_COMMA = YES;
				CLANG_WARN_CONSTANT_CONVERSION = YES;
				CLANG_WARN_DEPRECATED_OBJC_IMPLEMENTATIONS = YES;
				CLANG_WARN_DIRECT_OBJC_ISA_USAGE = YES_ERROR;
				CLANG_WARN_DOCUMENTATION_COMMENTS = YES;
				CLANG_WARN_EMPTY_BODY = YES;
				CLANG_WARN_ENUM_CONVERSION = YES;
				CLANG_WARN_INFINITE_RECURSION = YES;
				CLANG_WARN_INT_CONVERSION = YES;
				CLANG_WARN_NON_LITERAL_NULL_CONVERSION = YES;
				CLANG_WARN_OBJC_IMPLICIT_RETAIN_SELF = YES;
				CLANG_WARN_OBJC_LITERAL_CONVERSION = YES;
				CLANG_WARN_OBJC_ROOT_CLASS = YES_ERROR;
				CLANG_WARN_QUOTED_INCLUDE_IN_FRAMEWORK_HEADER = YES;
				CLANG_WARN_RANGE_LOOP_ANALYSIS = YES;
				CLANG_WARN_STRICT_PROTOTYPES = YES;
				CLANG_WARN_SUSPICIOUS_MOVE = YES;
				CLANG_WARN_UNGUARDED_AVAILABILITY = YES_AGGRESSIVE;
				CLANG_WARN_UNREACHABLE_CODE = YES;
				CLANG_WARN__DUPLICATE_METHOD_MATCH = YES;
				COPY_PHASE_STRIP = NO;
				DEBUG_INFORMATION_FORMAT = dwarf;
				ENABLE_STRICT_OBJC_MSGSEND = YES;
				ENABLE_TESTABILITY = YES;
				GCC_C_LANGUAGE_STANDARD = gnu11;
				GCC_DYNAMIC_NO_PIC = NO;
				GCC_NO_COMMON_BLOCKS = YES;
				GCC_OPTIMIZATION_LEVEL = 0;
				GCC_PREPROCESSOR_DEFINITIONS = (
					"DEBUG=1",
					"$(inherited)",
				);
				GCC_WARN_64_TO_32_BIT_CONVERSION = YES;
				GCC_WARN_ABOUT_RETURN_TYPE = YES_ERROR;
				GCC_WARN_UNDECLARED_SELECTOR = YES;
				GCC_WARN_UNINITIALIZED_AUTOS = YES_AGGRESSIVE;
				GCC_WARN_UNUSED_FUNCTION = YES;
				GCC_WARN_UNUSED_VARIABLE = YES;
				IPHONEOS_DEPLOYMENT_TARGET = 16.2;
				MTL_ENABLE_DEBUG_INFO = INCLUDE_SOURCE;
				MTL_FAST_MATH = YES;
				ONLY_ACTIVE_ARCH = YES;
				SDKROOT = iphoneos;
				SWIFT_ACTIVE_COMPILATION_CONDITIONS = DEBUG;
				SWIFT_OPTIMIZATION_LEVEL = "-Onone";
			};
			name = Debug;
		};
		F11E3C8629CDD6AB003BE1EE /* Release */ = {
			isa = XCBuildConfiguration;
			buildSettings = {
				ALWAYS_SEARCH_USER_PATHS = NO;
				CLANG_ANALYZER_NONNULL = YES;
				CLANG_ANALYZER_NUMBER_OBJECT_CONVERSION = YES_AGGRESSIVE;
				CLANG_CXX_LANGUAGE_STANDARD = "gnu++20";
				CLANG_ENABLE_MODULES = YES;
				CLANG_ENABLE_OBJC_ARC = YES;
				CLANG_ENABLE_OBJC_WEAK = YES;
				CLANG_WARN_BLOCK_CAPTURE_AUTORELEASING = YES;
				CLANG_WARN_BOOL_CONVERSION = YES;
				CLANG_WARN_COMMA = YES;
				CLANG_WARN_CONSTANT_CONVERSION = YES;
				CLANG_WARN_DEPRECATED_OBJC_IMPLEMENTATIONS = YES;
				CLANG_WARN_DIRECT_OBJC_ISA_USAGE = YES_ERROR;
				CLANG_WARN_DOCUMENTATION_COMMENTS = YES;
				CLANG_WARN_EMPTY_BODY = YES;
				CLANG_WARN_ENUM_CONVERSION = YES;
				CLANG_WARN_INFINITE_RECURSION = YES;
				CLANG_WARN_INT_CONVERSION = YES;
				CLANG_WARN_NON_LITERAL_NULL_CONVERSION = YES;
				CLANG_WARN_OBJC_IMPLICIT_RETAIN_SELF = YES;
				CLANG_WARN_OBJC_LITERAL_CONVERSION = YES;
				CLANG_WARN_OBJC_ROOT_CLASS = YES_ERROR;
				CLANG_WARN_QUOTED_INCLUDE_IN_FRAMEWORK_HEADER = YES;
				CLANG_WARN_RANGE_LOOP_ANALYSIS = YES;
				CLANG_WARN_STRICT_PROTOTYPES = YES;
				CLANG_WARN_SUSPICIOUS_MOVE = YES;
				CLANG_WARN_UNGUARDED_AVAILABILITY = YES_AGGRESSIVE;
				CLANG_WARN_UNREACHABLE_CODE = YES;
				CLANG_WARN__DUPLICATE_METHOD_MATCH = YES;
				COPY_PHASE_STRIP = NO;
				DEBUG_INFORMATION_FORMAT = "dwarf-with-dsym";
				ENABLE_NS_ASSERTIONS = NO;
				ENABLE_STRICT_OBJC_MSGSEND = YES;
				GCC_C_LANGUAGE_STANDARD = gnu11;
				GCC_NO_COMMON_BLOCKS = YES;
				GCC_WARN_64_TO_32_BIT_CONVERSION = YES;
				GCC_WARN_ABOUT_RETURN_TYPE = YES_ERROR;
				GCC_WARN_UNDECLARED_SELECTOR = YES;
				GCC_WARN_UNINITIALIZED_AUTOS = YES_AGGRESSIVE;
				GCC_WARN_UNUSED_FUNCTION = YES;
				GCC_WARN_UNUSED_VARIABLE = YES;
				IPHONEOS_DEPLOYMENT_TARGET = 16.2;
				MTL_ENABLE_DEBUG_INFO = NO;
				MTL_FAST_MATH = YES;
				SDKROOT = iphoneos;
				SWIFT_COMPILATION_MODE = wholemodule;
				SWIFT_OPTIMIZATION_LEVEL = "-O";
				VALIDATE_PRODUCT = YES;
			};
			name = Release;
		};
		F11E3C8829CDD6AB003BE1EE /* Debug */ = {
			isa = XCBuildConfiguration;
			buildSettings = {
				ASSETCATALOG_COMPILER_APPICON_NAME = AppIcon;
				ASSETCATALOG_COMPILER_GLOBAL_ACCENT_COLOR_NAME = AccentColor;
				CODE_SIGN_STYLE = Automatic;
				CURRENT_PROJECT_VERSION = 1;
				DEVELOPMENT_ASSET_PATHS = "\"JagTrucks/Preview Content\"";
				ENABLE_PREVIEWS = YES;
				GENERATE_INFOPLIST_FILE = YES;
				INFOPLIST_FILE = JagTrucks/Info.plist;
				INFOPLIST_KEY_UIApplicationSceneManifest_Generation = YES;
				INFOPLIST_KEY_UIApplicationSupportsIndirectInputEvents = YES;
				INFOPLIST_KEY_UILaunchScreen_Generation = YES;
				INFOPLIST_KEY_UISupportedInterfaceOrientations_iPad = "UIInterfaceOrientationPortrait UIInterfaceOrientationPortraitUpsideDown UIInterfaceOrientationLandscapeLeft UIInterfaceOrientationLandscapeRight";
				INFOPLIST_KEY_UISupportedInterfaceOrientations_iPhone = "UIInterfaceOrientationPortrait UIInterfaceOrientationLandscapeLeft UIInterfaceOrientationLandscapeRight";
				LD_RUNPATH_SEARCH_PATHS = (
					"$(inherited)",
					"@executable_path/Frameworks",
				);
				MARKETING_VERSION = 1.0;
				PRODUCT_BUNDLE_IDENTIFIER = tech.sk3p7ic.JagTrucks;
				PRODUCT_NAME = "$(TARGET_NAME)";
				SWIFT_EMIT_LOC_STRINGS = YES;
				SWIFT_VERSION = 5.0;
				TARGETED_DEVICE_FAMILY = "1,2";
			};
			name = Debug;
		};
		F11E3C8929CDD6AB003BE1EE /* Release */ = {
			isa = XCBuildConfiguration;
			buildSettings = {
				ASSETCATALOG_COMPILER_APPICON_NAME = AppIcon;
				ASSETCATALOG_COMPILER_GLOBAL_ACCENT_COLOR_NAME = AccentColor;
				CODE_SIGN_STYLE = Automatic;
				CURRENT_PROJECT_VERSION = 1;
				DEVELOPMENT_ASSET_PATHS = "\"JagTrucks/Preview Content\"";
				ENABLE_PREVIEWS = YES;
				GENERATE_INFOPLIST_FILE = YES;
				INFOPLIST_FILE = JagTrucks/Info.plist;
				INFOPLIST_KEY_UIApplicationSceneManifest_Generation = YES;
				INFOPLIST_KEY_UIApplicationSupportsIndirectInputEvents = YES;
				INFOPLIST_KEY_UILaunchScreen_Generation = YES;
				INFOPLIST_KEY_UISupportedInterfaceOrientations_iPad = "UIInterfaceOrientationPortrait UIInterfaceOrientationPortraitUpsideDown UIInterfaceOrientationLandscapeLeft UIInterfaceOrientationLandscapeRight";
				INFOPLIST_KEY_UISupportedInterfaceOrientations_iPhone = "UIInterfaceOrientationPortrait UIInterfaceOrientationLandscapeLeft UIInterfaceOrientationLandscapeRight";
				LD_RUNPATH_SEARCH_PATHS = (
					"$(inherited)",
					"@executable_path/Frameworks",
				);
				MARKETING_VERSION = 1.0;
				PRODUCT_BUNDLE_IDENTIFIER = tech.sk3p7ic.JagTrucks;
				PRODUCT_NAME = "$(TARGET_NAME)";
				SWIFT_EMIT_LOC_STRINGS = YES;
				SWIFT_VERSION = 5.0;
				TARGETED_DEVICE_FAMILY = "1,2";
			};
			name = Release;
		};
/* End XCBuildConfiguration section */

/* Begin XCConfigurationList section */
		F11E3C7429CDD6AA003BE1EE /* Build configuration list for PBXProject "JagTrucks" */ = {
			isa = XCConfigurationList;
			buildConfigurations = (
				F11E3C8529CDD6AB003BE1EE /* Debug */,
				F11E3C8629CDD6AB003BE1EE /* Release */,
			);
			defaultConfigurationIsVisible = 0;
			defaultConfigurationName = Release;
		};
		F11E3C8729CDD6AB003BE1EE /* Build configuration list for PBXNativeTarget "JagTrucks" */ = {
			isa = XCConfigurationList;
			buildConfigurations = (
				F11E3C8829CDD6AB003BE1EE /* Debug */,
				F11E3C8929CDD6AB003BE1EE /* Release */,
			);
			defaultConfigurationIsVisible = 0;
			defaultConfigurationName = Release;
		};
/* End XCConfigurationList section */

/* Begin XCRemoteSwiftPackageReference section */
		F1EA147929D3605100291765 /* XCRemoteSwiftPackageReference "firebase-ios-sdk" */ = {
			isa = XCRemoteSwiftPackageReference;
			repositoryURL = "https://github.com/firebase/firebase-ios-sdk";
			requirement = {
				kind = upToNextMajorVersion;
				minimumVersion = 9.0.0;
			};
		};
		F1EA148D29D3745500291765 /* XCRemoteSwiftPackageReference "FASwiftUI" */ = {
			isa = XCRemoteSwiftPackageReference;
			repositoryURL = "https://github.com/mattmaddux/FASwiftUI.git";
			requirement = {
				kind = upToNextMajorVersion;
				minimumVersion = 2.0.0;
			};
		};
/* End XCRemoteSwiftPackageReference section */

/* Begin XCSwiftPackageProductDependency section */
		F1EA147A29D3605100291765 /* FirebaseAnalytics */ = {
			isa = XCSwiftPackageProductDependency;
			package = F1EA147929D3605100291765 /* XCRemoteSwiftPackageReference "firebase-ios-sdk" */;
			productName = FirebaseAnalytics;
		};
		F1EA147C29D3605100291765 /* FirebaseAuth */ = {
			isa = XCSwiftPackageProductDependency;
			package = F1EA147929D3605100291765 /* XCRemoteSwiftPackageReference "firebase-ios-sdk" */;
			productName = FirebaseAuth;
		};
		F1EA147E29D3605100291765 /* FirebaseFirestore */ = {
			isa = XCSwiftPackageProductDependency;
			package = F1EA147929D3605100291765 /* XCRemoteSwiftPackageReference "firebase-ios-sdk" */;
			productName = FirebaseFirestore;
		};
		F1EA148029D3605100291765 /* FirebaseFirestoreSwift */ = {
			isa = XCSwiftPackageProductDependency;
			package = F1EA147929D3605100291765 /* XCRemoteSwiftPackageReference "firebase-ios-sdk" */;
			productName = FirebaseFirestoreSwift;
		};
		F1EA148229D3605100291765 /* FirebaseFunctions */ = {
			isa = XCSwiftPackageProductDependency;
			package = F1EA147929D3605100291765 /* XCRemoteSwiftPackageReference "firebase-ios-sdk" */;
			productName = FirebaseFunctions;
		};
		F1EA148429D3605100291765 /* FirebaseStorage */ = {
			isa = XCSwiftPackageProductDependency;
			package = F1EA147929D3605100291765 /* XCRemoteSwiftPackageReference "firebase-ios-sdk" */;
			productName = FirebaseStorage;
		};
		F1EA148E29D3745500291765 /* FASwiftUI */ = {
			isa = XCSwiftPackageProductDependency;
			package = F1EA148D29D3745500291765 /* XCRemoteSwiftPackageReference "FASwiftUI" */;
			productName = FASwiftUI;
		};
/* End XCSwiftPackageProductDependency section */
	};
	rootObject = F11E3C7129CDD6AA003BE1EE /* Project object */;
}
